
Microsoft Visual Studio Solution File, Format Version 12.00
# Visual Studio Version 16
VisualStudioVersion = 16.0.30330.147
MinimumVisualStudioVersion = 10.0.40219.1
Project("{9A19103F-16F7-4668-BE54-9A1E7A4F7556}") = "EAS Decoder", "EAS Decoder.csproj", "{34A869E5-43F2-4D57-B076-D737FC3CDCC8}"
EndProject
Project("{2150E333-8FDC-42A3-9474-1A3956D46DE8}") = "Solution Items", "Solution Items", "{AB7EB58A-773B-47A6-9348-257F791BEE7E}"
	ProjectSection(SolutionItems) = preProject
		.editorconfig = .editorconfig
	EndProjectSection
EndProject
Global
	GlobalSection(SolutionConfigurationPlatforms) = preSolution
		Debug|Any CPU = Debug|Any CPU
		Release|Any CPU = Release|Any CPU
	EndGlobalSection
	GlobalSection(ProjectConfigurationPlatforms) = postSolution
		{34A869E5-43F2-4D57-B076-D737FC3CDCC8}.Debug|Any CPU.ActiveCfg = Debug|Any CPU
		{34A869E5-43F2-4D57-B076-D737FC3CDCC8}.Debug|Any CPU.Build.0 = Debug|Any CPU
		{34A869E5-43F2-4D57-B076-D737FC3CDCC8}.Release|Any CPU.ActiveCfg = Release|Any CPU
		{34A869E5-43F2-4D57-B076-D737FC3CDCC8}.Release|Any CPU.Build.0 = Release|Any CPU
	EndGlobalSection
	GlobalSection(SolutionProperties) = preSolution
		HideSolutionNode = FALSE
	EndGlobalSection
	GlobalSection(ExtensibilityGlobals) = postSolution
		SolutionGuid = {6A968E79-92E4-4EB1-AC7C-8604ECC6B689}
	EndGlobalSection
EndGlobal
